
Microsoft Visual Studio Solution File, Format Version 12.00
# Visual Studio Version 17
VisualStudioVersion = 17.4.33213.308
MinimumVisualStudioVersion = 10.0.40219.1
Project("{FAE04EC0-301F-11D3-BF4B-00C04F79EFBC}") = "lenguaje tarea 2", "lenguaje tarea 2\lenguaje tarea 2.csproj", "{062833A5-C10B-4FAC-8D5D-058BD39075EE}"
EndProject
Global
	GlobalSection(SolutionConfigurationPlatforms) = preSolution
		Debug|Any CPU = Debug|Any CPU
		Release|Any CPU = Release|Any CPU
	EndGlobalSection
	GlobalSection(ProjectConfigurationPlatforms) = postSolution
		{062833A5-C10B-4FAC-8D5D-058BD39075EE}.Debug|Any CPU.ActiveCfg = Debug|Any CPU
		{062833A5-C10B-4FAC-8D5D-058BD39075EE}.Debug|Any CPU.Build.0 = Debug|Any CPU
		{062833A5-C10B-4FAC-8D5D-058BD39075EE}.Release|Any CPU.ActiveCfg = Release|Any CPU
		{062833A5-C10B-4FAC-8D5D-058BD39075EE}.Release|Any CPU.Build.0 = Release|Any CPU
	EndGlobalSection
	GlobalSection(SolutionProperties) = preSolution
		HideSolutionNode = FALSE
	EndGlobalSection
	GlobalSection(ExtensibilityGlobals) = postSolution
		SolutionGuid = {E70EB9AB-E3F1-4CF3-B8FD-8CD6D0B5DA84}
	EndGlobalSection
EndGlobal
